
Microsoft Visual Studio Solution File, Format Version 12.00
# Visual Studio Version 16
VisualStudioVersion = 16.0.30517.126
MinimumVisualStudioVersion = 10.0.40219.1
Project("{888888A0-9F3D-457C-B088-3A5042F75D52}") = "explore_field", "explore_field.pyproj", "{8934858D-806F-44EE-BB03-BECA692DAD7F}"
EndProject
Global
	GlobalSection(SolutionConfigurationPlatforms) = preSolution
		Debug|Any CPU = Debug|Any CPU
		Release|Any CPU = Release|Any CPU
	EndGlobalSection
	GlobalSection(ProjectConfigurationPlatforms) = postSolution
		{8934858D-806F-44EE-BB03-BECA692DAD7F}.Debug|Any CPU.ActiveCfg = Debug|Any CPU
		{8934858D-806F-44EE-BB03-BECA692DAD7F}.Release|Any CPU.ActiveCfg = Release|Any CPU
	EndGlobalSection
	GlobalSection(SolutionProperties) = preSolution
		HideSolutionNode = FALSE
	EndGlobalSection
	GlobalSection(ExtensibilityGlobals) = postSolution
		SolutionGuid = {55E970A5-A70B-4D5B-BF26-B86324B16D4B}
	EndGlobalSection
EndGlobal
